
Microsoft Visual Studio Solution File, Format Version 12.00
# Visual Studio 2012
Project("{FAE04EC0-301F-11D3-BF4B-00C04F79EFBC}") = "Xamarin.Helpers", "Xamarin.Helpers\Xamarin.Helpers.csproj", "{ACFB27BE-FBB1-4004-ADBF-7459D77BDD59}"
EndProject
Global
	GlobalSection(SolutionConfigurationPlatforms) = preSolution
		Debug|Any CPU = Debug|Any CPU
		Release|Any CPU = Release|Any CPU
	EndGlobalSection
	GlobalSection(ProjectConfigurationPlatforms) = postSolution
		{ACFB27BE-FBB1-4004-ADBF-7459D77BDD59}.Debug|Any CPU.ActiveCfg = Debug|Any CPU
		{ACFB27BE-FBB1-4004-ADBF-7459D77BDD59}.Debug|Any CPU.Build.0 = Debug|Any CPU
		{ACFB27BE-FBB1-4004-ADBF-7459D77BDD59}.Release|Any CPU.ActiveCfg = Release|Any CPU
		{ACFB27BE-FBB1-4004-ADBF-7459D77BDD59}.Release|Any CPU.Build.0 = Release|Any CPU
	EndGlobalSection
EndGlobal
